
Microsoft Visual Studio Solution File, Format Version 12.00
# Visual Studio 15
Project("{FAE04EC0-301F-11D3-BF4B-00C04F79EFBC}") = "Assembly-CSharp", "Assembly-CSharp.csproj", "{2A582A0F-0A6A-1B5E-C7E3-32336B1ADFF0}"
EndProject
Project("{FAE04EC0-301F-11D3-BF4B-00C04F79EFBC}") = "Assembly-CSharp-Editor", "Assembly-CSharp-Editor.csproj", "{028E0699-65B0-CBE6-0B91-92CA1E2481EE}"
EndProject
Global
	GlobalSection(SolutionConfigurationPlatforms) = preSolution
		Debug|Any CPU = Debug|Any CPU
		Release|Any CPU = Release|Any CPU
	EndGlobalSection
	GlobalSection(ProjectConfigurationPlatforms) = postSolution
		{2A582A0F-0A6A-1B5E-C7E3-32336B1ADFF0}.Debug|Any CPU.ActiveCfg = Debug|Any CPU
		{2A582A0F-0A6A-1B5E-C7E3-32336B1ADFF0}.Debug|Any CPU.Build.0 = Debug|Any CPU
		{2A582A0F-0A6A-1B5E-C7E3-32336B1ADFF0}.Release|Any CPU.ActiveCfg = Release|Any CPU
		{2A582A0F-0A6A-1B5E-C7E3-32336B1ADFF0}.Release|Any CPU.Build.0 = Release|Any CPU
		{028E0699-65B0-CBE6-0B91-92CA1E2481EE}.Debug|Any CPU.ActiveCfg = Debug|Any CPU
		{028E0699-65B0-CBE6-0B91-92CA1E2481EE}.Debug|Any CPU.Build.0 = Debug|Any CPU
		{028E0699-65B0-CBE6-0B91-92CA1E2481EE}.Release|Any CPU.ActiveCfg = Release|Any CPU
		{028E0699-65B0-CBE6-0B91-92CA1E2481EE}.Release|Any CPU.Build.0 = Release|Any CPU
	EndGlobalSection
	GlobalSection(SolutionProperties) = preSolution
		HideSolutionNode = FALSE
	EndGlobalSection
EndGlobal
